// !$*UTF8*$!
{
	archiveVersion = 1;
	classes = {
	};
	objectVersion = 46;
	objects = {

/* Begin PBXBuildFile section */
		7F00BABD1E1DD77800EF8942 /* AppDelegate.m in Sources */ = {isa = PBXBuildFile; fileRef = 7F00BAB91E1DD77800EF8942 /* AppDelegate.m */; };
		7F00BABE1E1DD77800EF8942 /* clue.c in Sources */ = {isa = PBXBuildFile; fileRef = 7F00BABA1E1DD77800EF8942 /* clue.c */; };
		7F00BAC01E1DD77800EF8942 /* main.m in Sources */ = {isa = PBXBuildFile; fileRef = 7F00BABC1E1DD77800EF8942 /* main.m */; };
		7F00BAC51E1DD8F300EF8942 /* main.cpp in Sources */ = {isa = PBXBuildFile; fileRef = 7F00BAC41E1DD8F300EF8942 /* main.cpp */; };
		7F6202A71E19E6C400A62391 /* Assets.xcassets in Resources */ = {isa = PBXBuildFile; fileRef = 7F6202A61E19E6C400A62391 /* Assets.xcassets */; };
/* End PBXBuildFile section */

/* Begin PBXFileReference section */
		7F00BAB71E1DD76900EF8942 /* AppDelegate.h */ = {isa = PBXFileReference; fileEncoding = 4; lastKnownFileType = sourcecode.c.h; path = AppDelegate.h; sourceTree = "<group>"; };
		7F00BAB91E1DD77800EF8942 /* AppDelegate.m */ = {isa = PBXFileReference; fileEncoding = 4; lastKnownFileType = sourcecode.c.objc; path = AppDelegate.m; sourceTree = "<group>"; };
		7F00BABA1E1DD77800EF8942 /* clue.c */ = {isa = PBXFileReference; fileEncoding = 4; lastKnownFileType = sourcecode.c.c; path = clue.c; sourceTree = "<group>"; };
		7F00BABC1E1DD77800EF8942 /* main.m */ = {isa = PBXFileReference; fileEncoding = 4; lastKnownFileType = sourcecode.c.objc; path = main.m; sourceTree = "<group>"; };
		7F00BAC21E1DD79500EF8942 /* clue.h */ = {isa = PBXFileReference; fileEncoding = 4; lastKnownFileType = sourcecode.c.h; path = clue.h; sourceTree = "<group>"; };
		7F00BAC41E1DD8F300EF8942 /* main.cpp */ = {isa = PBXFileReference; fileEncoding = 4; lastKnownFileType = sourcecode.cpp.cpp; path = main.cpp; sourceTree = "<group>"; };
		7F6202931E19E6C300A62391 /* clue.app */ = {isa = PBXFileReference; explicitFileType = wrapper.application; includeInIndex = 0; path = clue.app; sourceTree = BUILT_PRODUCTS_DIR; };
		7F6202A61E19E6C400A62391 /* Assets.xcassets */ = {isa = PBXFileReference; lastKnownFileType = folder.assetcatalog; path = Assets.xcassets; sourceTree = "<group>"; };
		7F6202AB1E19E6C400A62391 /* Info.plist */ = {isa = PBXFileReference; lastKnownFileType = text.plist.xml; path = Info.plist; sourceTree = "<group>"; };
/* End PBXFileReference section */

/* Begin PBXFrameworksBuildPhase section */
		7F6202901E19E6C300A62391 /* Frameworks */ = {
			isa = PBXFrameworksBuildPhase;
			buildActionMask = 2147483647;
			files = (
			);
			runOnlyForDeploymentPostprocessing = 0;
		};
/* End PBXFrameworksBuildPhase section */

/* Begin PBXGroup section */
		7F00BAB61E1DD76900EF8942 /* h */ = {
			isa = PBXGroup;
			children = (
				7F00BAC11E1DD79500EF8942 /* clue */,
				7F00BAB71E1DD76900EF8942 /* AppDelegate.h */,
			);
			path = h;
			sourceTree = "<group>";
		};
		7F00BAB81E1DD77800EF8942 /* src */ = {
			isa = PBXGroup;
			children = (
				7F00BAB91E1DD77800EF8942 /* AppDelegate.m */,
				7F00BABA1E1DD77800EF8942 /* clue.c */,
				7F00BABC1E1DD77800EF8942 /* main.m */,
			);
			path = src;
			sourceTree = "<group>";
		};
		7F00BAC11E1DD79500EF8942 /* clue */ = {
			isa = PBXGroup;
			children = (
				7F00BAC21E1DD79500EF8942 /* clue.h */,
			);
			name = clue;
			path = ../../../h/clue;
			sourceTree = "<group>";
		};
		7F00BAC31E1DD8F300EF8942 /* example */ = {
			isa = PBXGroup;
			children = (
				7F00BAC41E1DD8F300EF8942 /* main.cpp */,
			);
			name = example;
			path = ../../example;
			sourceTree = "<group>";
		};
		7F62028A1E19E6C300A62391 = {
			isa = PBXGroup;
			children = (
				7F00BAC31E1DD8F300EF8942 /* example */,
				7F00BAB81E1DD77800EF8942 /* src */,
				7F00BAB61E1DD76900EF8942 /* h */,
				7F6202A61E19E6C400A62391 /* Assets.xcassets */,
				7F6202AB1E19E6C400A62391 /* Info.plist */,
				7F6202941E19E6C300A62391 /* Products */,
			);
			sourceTree = "<group>";
		};
		7F6202941E19E6C300A62391 /* Products */ = {
			isa = PBXGroup;
			children = (
				7F6202931E19E6C300A62391 /* clue.app */,
			);
			name = Products;
			sourceTree = "<group>";
		};
/* End PBXGroup section */

/* Begin PBXNativeTarget section */
		7F6202921E19E6C300A62391 /* clue */ = {
			isa = PBXNativeTarget;
			buildConfigurationList = 7F6202AE1E19E6C400A62391 /* Build configuration list for PBXNativeTarget "clue" */;
			buildPhases = (
				7F62028F1E19E6C300A62391 /* Sources */,
				7F6202901E19E6C300A62391 /* Frameworks */,
				7F6202911E19E6C300A62391 /* Resources */,
			);
			buildRules = (
			);
			dependencies = (
			);
			name = clue;
			productName = testgame;
			productReference = 7F6202931E19E6C300A62391 /* clue.app */;
			productType = "com.apple.product-type.application";
		};
/* End PBXNativeTarget section */

/* Begin PBXProject section */
		7F62028B1E19E6C300A62391 /* Project object */ = {
			isa = PBXProject;
			attributes = {
				LastUpgradeCheck = 0800;
				ORGANIZATIONNAME = "Agop Shirinian";
				TargetAttributes = {
					7F6202921E19E6C300A62391 = {
						CreatedOnToolsVersion = 8.0;
						DevelopmentTeam = 454774PS5B;
						ProvisioningStyle = Automatic;
					};
				};
			};
			buildConfigurationList = 7F62028E1E19E6C300A62391 /* Build configuration list for PBXProject "clue" */;
			compatibilityVersion = "Xcode 3.2";
			developmentRegion = English;
			hasScannedForEncodings = 0;
			knownRegions = (
				en,
				Base,
			);
			mainGroup = 7F62028A1E19E6C300A62391;
			productRefGroup = 7F6202941E19E6C300A62391 /* Products */;
			projectDirPath = "";
			projectRoot = "";
			targets = (
				7F6202921E19E6C300A62391 /* clue */,
			);
		};
/* End PBXProject section */

/* Begin PBXResourcesBuildPhase section */
		7F6202911E19E6C300A62391 /* Resources */ = {
			isa = PBXResourcesBuildPhase;
			buildActionMask = 2147483647;
			files = (
				7F6202A71E19E6C400A62391 /* Assets.xcassets in Resources */,
			);
			runOnlyForDeploymentPostprocessing = 0;
		};
/* End PBXResourcesBuildPhase section */

/* Begin PBXSourcesBuildPhase section */
		7F62028F1E19E6C300A62391 /* Sources */ = {
			isa = PBXSourcesBuildPhase;
			buildActionMask = 2147483647;
			files = (
				7F00BABE1E1DD77800EF8942 /* clue.c in Sources */,
				7F00BAC01E1DD77800EF8942 /* main.m in Sources */,
				7F00BAC51E1DD8F300EF8942 /* main.cpp in Sources */,
				7F00BABD1E1DD77800EF8942 /* AppDelegate.m in Sources */,
			);
			runOnlyForDeploymentPostprocessing = 0;
		};
/* End PBXSourcesBuildPhase section */

/* Begin XCBuildConfiguration section */
		7F6202AC1E19E6C400A62391 /* Debug */ = {
			isa = XCBuildConfiguration;
			buildSettings = {
				ALWAYS_SEARCH_USER_PATHS = NO;
				CLANG_ANALYZER_NONNULL = YES;
				CLANG_CXX_LANGUAGE_STANDARD = "gnu++0x";
				CLANG_CXX_LIBRARY = "libc++";
				CLANG_ENABLE_MODULES = YES;
				CLANG_ENABLE_OBJC_ARC = YES;
				CLANG_WARN_BOOL_CONVERSION = YES;
				CLANG_WARN_CONSTANT_CONVERSION = YES;
				CLANG_WARN_DIRECT_OBJC_ISA_USAGE = YES_ERROR;
				CLANG_WARN_DOCUMENTATION_COMMENTS = YES;
				CLANG_WARN_EMPTY_BODY = YES;
				CLANG_WARN_ENUM_CONVERSION = YES;
				CLANG_WARN_INFINITE_RECURSION = YES;
				CLANG_WARN_INT_CONVERSION = YES;
				CLANG_WARN_OBJC_ROOT_CLASS = YES_ERROR;
				CLANG_WARN_SUSPICIOUS_MOVES = YES;
				CLANG_WARN_UNREACHABLE_CODE = YES;
				CLANG_WARN__DUPLICATE_METHOD_MATCH = YES;
				"CODE_SIGN_IDENTITY[sdk=iphoneos*]" = "iPhone Developer";
				COPY_PHASE_STRIP = NO;
				DEBUG_INFORMATION_FORMAT = dwarf;
				ENABLE_STRICT_OBJC_MSGSEND = YES;
				ENABLE_TESTABILITY = YES;
				GCC_C_LANGUAGE_STANDARD = gnu99;
				GCC_DYNAMIC_NO_PIC = NO;
				GCC_NO_COMMON_BLOCKS = YES;
				GCC_OPTIMIZATION_LEVEL = 0;
				GCC_PREPROCESSOR_DEFINITIONS = (
					"DEBUG=1",
					"$(inherited)",
				);
				GCC_WARN_64_TO_32_BIT_CONVERSION = YES;
				GCC_WARN_ABOUT_RETURN_TYPE = YES_ERROR;
				GCC_WARN_UNDECLARED_SELECTOR = YES;
				GCC_WARN_UNINITIALIZED_AUTOS = YES_AGGRESSIVE;
				GCC_WARN_UNUSED_FUNCTION = YES;
				GCC_WARN_UNUSED_VARIABLE = YES;
				IPHONEOS_DEPLOYMENT_TARGET = 10.0;
				MTL_ENABLE_DEBUG_INFO = YES;
				ONLY_ACTIVE_ARCH = YES;
				SDKROOT = iphoneos;
				TARGETED_DEVICE_FAMILY = "1,2";
			};
			name = Debug;
		};
		7F6202AD1E19E6C400A62391 /* Release */ = {
			isa = XCBuildConfiguration;
			buildSettings = {
				ALWAYS_SEARCH_USER_PATHS = NO;
				CLANG_ANALYZER_NONNULL = YES;
				CLANG_CXX_LANGUAGE_STANDARD = "gnu++0x";
				CLANG_CXX_LIBRARY = "libc++";
				CLANG_ENABLE_MODULES = YES;
				CLANG_ENABLE_OBJC_ARC = YES;
				CLANG_WARN_BOOL_CONVERSION = YES;
				CLANG_WARN_CONSTANT_CONVERSION = YES;
				CLANG_WARN_DIRECT_OBJC_ISA_USAGE = YES_ERROR;
				CLANG_WARN_DOCUMENTATION_COMMENTS = YES;
				CLANG_WARN_EMPTY_BODY = YES;
				CLANG_WARN_ENUM_CONVERSION = YES;
				CLANG_WARN_INFINITE_RECURSION = YES;
				CLANG_WARN_INT_CONVERSION = YES;
				CLANG_WARN_OBJC_ROOT_CLASS = YES_ERROR;
				CLANG_WARN_SUSPICIOUS_MOVES = YES;
				CLANG_WARN_UNREACHABLE_CODE = YES;
				CLANG_WARN__DUPLICATE_METHOD_MATCH = YES;
				"CODE_SIGN_IDENTITY[sdk=iphoneos*]" = "iPhone Developer";
				COPY_PHASE_STRIP = NO;
				DEBUG_INFORMATION_FORMAT = "dwarf-with-dsym";
				ENABLE_NS_ASSERTIONS = NO;
				ENABLE_STRICT_OBJC_MSGSEND = YES;
				GCC_C_LANGUAGE_STANDARD = gnu99;
				GCC_NO_COMMON_BLOCKS = YES;
				GCC_WARN_64_TO_32_BIT_CONVERSION = YES;
				GCC_WARN_ABOUT_RETURN_TYPE = YES_ERROR;
				GCC_WARN_UNDECLARED_SELECTOR = YES;
				GCC_WARN_UNINITIALIZED_AUTOS = YES_AGGRESSIVE;
				GCC_WARN_UNUSED_FUNCTION = YES;
				GCC_WARN_UNUSED_VARIABLE = YES;
				IPHONEOS_DEPLOYMENT_TARGET = 10.0;
				MTL_ENABLE_DEBUG_INFO = NO;
				SDKROOT = iphoneos;
				TARGETED_DEVICE_FAMILY = "1,2";
				VALIDATE_PRODUCT = YES;
			};
			name = Release;
		};
		7F6202AF1E19E6C400A62391 /* Debug */ = {
			isa = XCBuildConfiguration;
			buildSettings = {
				ASSETCATALOG_COMPILER_APPICON_NAME = AppIcon;
				DEVELOPMENT_TEAM = 454774PS5B;
				ENABLE_BITCODE = NO;
				HEADER_SEARCH_PATHS = ../../h;
				INFOPLIST_FILE = Info.plist;
				LD_RUNPATH_SEARCH_PATHS = "$(inherited) @executable_path/Frameworks";
				PRODUCT_BUNDLE_IDENTIFIER = com.agopshi.clue;
				PRODUCT_NAME = "$(TARGET_NAME)";
			};
			name = Debug;
		};
		7F6202B01E19E6C400A62391 /* Release */ = {
			isa = XCBuildConfiguration;
			buildSettings = {
				ASSETCATALOG_COMPILER_APPICON_NAME = AppIcon;
				DEVELOPMENT_TEAM = 454774PS5B;
				ENABLE_BITCODE = NO;
				HEADER_SEARCH_PATHS = ../../h;
				INFOPLIST_FILE = Info.plist;
				LD_RUNPATH_SEARCH_PATHS = "$(inherited) @executable_path/Frameworks";
				PRODUCT_BUNDLE_IDENTIFIER = com.agopshi.clue;
				PRODUCT_NAME = "$(TARGET_NAME)";
			};
			name = Release;
		};
/* End XCBuildConfiguration section */

/* Begin XCConfigurationList section */
		7F62028E1E19E6C300A62391 /* Build configuration list for PBXProject "clue" */ = {
			isa = XCConfigurationList;
			buildConfigurations = (
				7F6202AC1E19E6C400A62391 /* Debug */,
				7F6202AD1E19E6C400A62391 /* Release */,
			);
			defaultConfigurationIsVisible = 0;
			defaultConfigurationName = Release;
		};
		7F6202AE1E19E6C400A62391 /* Build configuration list for PBXNativeTarget "clue" */ = {
			isa = XCConfigurationList;
			buildConfigurations = (
				7F6202AF1E19E6C400A62391 /* Debug */,
				7F6202B01E19E6C400A62391 /* Release */,
			);
			defaultConfigurationIsVisible = 0;
			defaultConfigurationName = Release;
		};
/* End XCConfigurationList section */
	};
	rootObject = 7F62028B1E19E6C300A62391 /* Project object */;
}
